
Microsoft Visual Studio Solution File, Format Version 12.00
# Visual Studio 14
VisualStudioVersion = 14.0.25420.1
MinimumVisualStudioVersion = 10.0.40219.1
Project("{2150E333-8FDC-42A3-9474-1A3956D46DE8}") = ".nuget", ".nuget", "{AB87CA76-97D0-4A0D-8772-3A9FEF942E71}"
	ProjectSection(SolutionItems) = preProject
		.nuget\packages.config = .nuget\packages.config
	EndProjectSection
EndProject
Project("{2150E333-8FDC-42A3-9474-1A3956D46DE8}") = "Solution Items", "Solution Items", "{AE47A455-5944-4E21-87F2-0AF68961EE57}"
	ProjectSection(SolutionItems) = preProject
		..\README.markdown = ..\README.markdown
	EndProjectSection
EndProject
Project("{FAE04EC0-301F-11D3-BF4B-00C04F79EFBC}") = "SqlFu", "SqlFu\SqlFu.csproj", "{CC6D8079-500F-457B-9FF2-CE0A68EDCCF0}"
EndProject
Project("{FAE04EC0-301F-11D3-BF4B-00C04F79EFBC}") = "Tests", "Tests\Tests.csproj", "{43CC9D91-294C-45F3-B696-9EFDDD39C5C8}"
EndProject
Project("{FAE04EC0-301F-11D3-BF4B-00C04F79EFBC}") = "Tests.SqlServer", "Tests.SqlServer\Tests.SqlServer.csproj", "{8564DBD8-9A32-4FE1-8077-BE18C823B070}"
EndProject
Global
	GlobalSection(SolutionConfigurationPlatforms) = preSolution
		Debug|Any CPU = Debug|Any CPU
		Release|Any CPU = Release|Any CPU
	EndGlobalSection
	GlobalSection(ProjectConfigurationPlatforms) = postSolution
		{CC6D8079-500F-457B-9FF2-CE0A68EDCCF0}.Debug|Any CPU.ActiveCfg = Debug|Any CPU
		{CC6D8079-500F-457B-9FF2-CE0A68EDCCF0}.Debug|Any CPU.Build.0 = Debug|Any CPU
		{CC6D8079-500F-457B-9FF2-CE0A68EDCCF0}.Release|Any CPU.ActiveCfg = Release|Any CPU
		{CC6D8079-500F-457B-9FF2-CE0A68EDCCF0}.Release|Any CPU.Build.0 = Release|Any CPU
		{43CC9D91-294C-45F3-B696-9EFDDD39C5C8}.Debug|Any CPU.ActiveCfg = Debug|Any CPU
		{43CC9D91-294C-45F3-B696-9EFDDD39C5C8}.Debug|Any CPU.Build.0 = Debug|Any CPU
		{43CC9D91-294C-45F3-B696-9EFDDD39C5C8}.Release|Any CPU.ActiveCfg = Release|Any CPU
		{43CC9D91-294C-45F3-B696-9EFDDD39C5C8}.Release|Any CPU.Build.0 = Release|Any CPU
		{8564DBD8-9A32-4FE1-8077-BE18C823B070}.Debug|Any CPU.ActiveCfg = Debug|Any CPU
		{8564DBD8-9A32-4FE1-8077-BE18C823B070}.Debug|Any CPU.Build.0 = Debug|Any CPU
		{8564DBD8-9A32-4FE1-8077-BE18C823B070}.Release|Any CPU.ActiveCfg = Release|Any CPU
		{8564DBD8-9A32-4FE1-8077-BE18C823B070}.Release|Any CPU.Build.0 = Release|Any CPU
	EndGlobalSection
	GlobalSection(SolutionProperties) = preSolution
		HideSolutionNode = FALSE
	EndGlobalSection
EndGlobal
